
Microsoft Visual Studio Solution File, Format Version 12.00
# Visual Studio 2013
VisualStudioVersion = 12.0.40629.0
MinimumVisualStudioVersion = 10.0.40219.1
Project("{FAE04EC0-301F-11D3-BF4B-00C04F79EFBC}") = "RayTracer", "RayTracer\RayTracer.csproj", "{ECFFB717-2BC8-4940-BE20-CB43928F621D}"
EndProject
Project("{2150E333-8FDC-42A3-9474-1A3956D46DE8}") = "Solution Items", "Solution Items", "{7F67AC55-04C7-401F-8387-4237187A899C}"
	ProjectSection(SolutionItems) = preProject
		Performance1.psess = Performance1.psess
	EndProjectSection
EndProject
Project("{FAE04EC0-301F-11D3-BF4B-00C04F79EFBC}") = "OneWeekendRT", "OneWeekendRT\OneWeekendRT.csproj", "{8AE9633B-26D7-4215-BD33-D339EE91BFC6}"
EndProject
Global
	GlobalSection(SolutionConfigurationPlatforms) = preSolution
		Debug|Any CPU = Debug|Any CPU
		Release|Any CPU = Release|Any CPU
	EndGlobalSection
	GlobalSection(ProjectConfigurationPlatforms) = postSolution
		{ECFFB717-2BC8-4940-BE20-CB43928F621D}.Debug|Any CPU.ActiveCfg = Debug|Any CPU
		{ECFFB717-2BC8-4940-BE20-CB43928F621D}.Debug|Any CPU.Build.0 = Debug|Any CPU
		{ECFFB717-2BC8-4940-BE20-CB43928F621D}.Release|Any CPU.ActiveCfg = Release|Any CPU
		{ECFFB717-2BC8-4940-BE20-CB43928F621D}.Release|Any CPU.Build.0 = Release|Any CPU
		{8AE9633B-26D7-4215-BD33-D339EE91BFC6}.Debug|Any CPU.ActiveCfg = Debug|Any CPU
		{8AE9633B-26D7-4215-BD33-D339EE91BFC6}.Debug|Any CPU.Build.0 = Debug|Any CPU
		{8AE9633B-26D7-4215-BD33-D339EE91BFC6}.Release|Any CPU.ActiveCfg = Release|Any CPU
		{8AE9633B-26D7-4215-BD33-D339EE91BFC6}.Release|Any CPU.Build.0 = Release|Any CPU
	EndGlobalSection
	GlobalSection(SolutionProperties) = preSolution
		HideSolutionNode = FALSE
	EndGlobalSection
	GlobalSection(Performance) = preSolution
		HasPerformanceSessions = true
	EndGlobalSection
	GlobalSection(CodealikeProperties) = postSolution
		SolutionGuid = dddff108-325e-4846-bf03-9c8d9f454a4e
	EndGlobalSection
EndGlobal
